
Microsoft Visual Studio Solution File, Format Version 12.00
# Visual Studio 15
VisualStudioVersion = 15.0.26228.12
MinimumVisualStudioVersion = 10.0.40219.1
Project("{8BC9CEB8-8B4A-11D0-8D11-00A0C91BC942}") = "2839", "2839\2839.vcxproj", "{2E64EDCF-49CD-4D91-91DE-CD8C1A6C775C}"
EndProject
Project("{8BC9CEB8-8B4A-11D0-8D11-00A0C91BC942}") = "2750", "2750\2750.vcxproj", "{235308E1-46CE-43E0-B185-C2D6E06B0EA1}"
EndProject
Project("{8BC9CEB8-8B4A-11D0-8D11-00A0C91BC942}") = "7576", "7576\7576.vcxproj", "{850AD26B-ECAE-498E-8EF6-4B91E1DF759D}"
EndProject
Project("{8BC9CEB8-8B4A-11D0-8D11-00A0C91BC942}") = "2309", "2309\2309.vcxproj", "{DB5891E7-5B33-4EF8-988D-3841C61AC469}"
EndProject
Project("{8BC9CEB8-8B4A-11D0-8D11-00A0C91BC942}") = "11719", "11719\11719.vcxproj", "{DA577D88-8AF8-4901-85C2-076161597C7A}"
EndProject
Project("{8BC9CEB8-8B4A-11D0-8D11-00A0C91BC942}") = "10828", "10828\10828.vcxproj", "{FDD0FBF5-7D2C-45D4-9204-694F981EA689}"
EndProject
Project("{8BC9CEB8-8B4A-11D0-8D11-00A0C91BC942}") = "1546", "1546\1546.vcxproj", "{E330EF0A-1BF6-4EF2-B05A-BE18386DFA84}"
EndProject
Project("{8BC9CEB8-8B4A-11D0-8D11-00A0C91BC942}") = "2293", "2293\2293.vcxproj", "{56E1549D-A20F-4889-962D-36E46954103C}"
EndProject
Global
	GlobalSection(SolutionConfigurationPlatforms) = preSolution
		Debug|x64 = Debug|x64
		Debug|x86 = Debug|x86
		Release|x64 = Release|x64
		Release|x86 = Release|x86
	EndGlobalSection
	GlobalSection(ProjectConfigurationPlatforms) = postSolution
		{2E64EDCF-49CD-4D91-91DE-CD8C1A6C775C}.Debug|x64.ActiveCfg = Debug|x64
		{2E64EDCF-49CD-4D91-91DE-CD8C1A6C775C}.Debug|x64.Build.0 = Debug|x64
		{2E64EDCF-49CD-4D91-91DE-CD8C1A6C775C}.Debug|x86.ActiveCfg = Debug|Win32
		{2E64EDCF-49CD-4D91-91DE-CD8C1A6C775C}.Debug|x86.Build.0 = Debug|Win32
		{2E64EDCF-49CD-4D91-91DE-CD8C1A6C775C}.Release|x64.ActiveCfg = Release|x64
		{2E64EDCF-49CD-4D91-91DE-CD8C1A6C775C}.Release|x64.Build.0 = Release|x64
		{2E64EDCF-49CD-4D91-91DE-CD8C1A6C775C}.Release|x86.ActiveCfg = Release|Win32
		{2E64EDCF-49CD-4D91-91DE-CD8C1A6C775C}.Release|x86.Build.0 = Release|Win32
		{235308E1-46CE-43E0-B185-C2D6E06B0EA1}.Debug|x64.ActiveCfg = Debug|x64
		{235308E1-46CE-43E0-B185-C2D6E06B0EA1}.Debug|x64.Build.0 = Debug|x64
		{235308E1-46CE-43E0-B185-C2D6E06B0EA1}.Debug|x86.ActiveCfg = Debug|Win32
		{235308E1-46CE-43E0-B185-C2D6E06B0EA1}.Debug|x86.Build.0 = Debug|Win32
		{235308E1-46CE-43E0-B185-C2D6E06B0EA1}.Release|x64.ActiveCfg = Release|x64
		{235308E1-46CE-43E0-B185-C2D6E06B0EA1}.Release|x64.Build.0 = Release|x64
		{235308E1-46CE-43E0-B185-C2D6E06B0EA1}.Release|x86.ActiveCfg = Release|Win32
		{235308E1-46CE-43E0-B185-C2D6E06B0EA1}.Release|x86.Build.0 = Release|Win32
		{850AD26B-ECAE-498E-8EF6-4B91E1DF759D}.Debug|x64.ActiveCfg = Debug|x64
		{850AD26B-ECAE-498E-8EF6-4B91E1DF759D}.Debug|x64.Build.0 = Debug|x64
		{850AD26B-ECAE-498E-8EF6-4B91E1DF759D}.Debug|x86.ActiveCfg = Debug|Win32
		{850AD26B-ECAE-498E-8EF6-4B91E1DF759D}.Debug|x86.Build.0 = Debug|Win32
		{850AD26B-ECAE-498E-8EF6-4B91E1DF759D}.Release|x64.ActiveCfg = Release|x64
		{850AD26B-ECAE-498E-8EF6-4B91E1DF759D}.Release|x64.Build.0 = Release|x64
		{850AD26B-ECAE-498E-8EF6-4B91E1DF759D}.Release|x86.ActiveCfg = Release|Win32
		{850AD26B-ECAE-498E-8EF6-4B91E1DF759D}.Release|x86.Build.0 = Release|Win32
		{DB5891E7-5B33-4EF8-988D-3841C61AC469}.Debug|x64.ActiveCfg = Debug|x64
		{DB5891E7-5B33-4EF8-988D-3841C61AC469}.Debug|x64.Build.0 = Debug|x64
		{DB5891E7-5B33-4EF8-988D-3841C61AC469}.Debug|x86.ActiveCfg = Debug|Win32
		{DB5891E7-5B33-4EF8-988D-3841C61AC469}.Debug|x86.Build.0 = Debug|Win32
		{DB5891E7-5B33-4EF8-988D-3841C61AC469}.Release|x64.ActiveCfg = Release|x64
		{DB5891E7-5B33-4EF8-988D-3841C61AC469}.Release|x64.Build.0 = Release|x64
		{DB5891E7-5B33-4EF8-988D-3841C61AC469}.Release|x86.ActiveCfg = Release|Win32
		{DB5891E7-5B33-4EF8-988D-3841C61AC469}.Release|x86.Build.0 = Release|Win32
		{DA577D88-8AF8-4901-85C2-076161597C7A}.Debug|x64.ActiveCfg = Debug|x64
		{DA577D88-8AF8-4901-85C2-076161597C7A}.Debug|x64.Build.0 = Debug|x64
		{DA577D88-8AF8-4901-85C2-076161597C7A}.Debug|x86.ActiveCfg = Debug|Win32
		{DA577D88-8AF8-4901-85C2-076161597C7A}.Debug|x86.Build.0 = Debug|Win32
		{DA577D88-8AF8-4901-85C2-076161597C7A}.Release|x64.ActiveCfg = Release|x64
		{DA577D88-8AF8-4901-85C2-076161597C7A}.Release|x64.Build.0 = Release|x64
		{DA577D88-8AF8-4901-85C2-076161597C7A}.Release|x86.ActiveCfg = Release|Win32
		{DA577D88-8AF8-4901-85C2-076161597C7A}.Release|x86.Build.0 = Release|Win32
		{FDD0FBF5-7D2C-45D4-9204-694F981EA689}.Debug|x64.ActiveCfg = Debug|x64
		{FDD0FBF5-7D2C-45D4-9204-694F981EA689}.Debug|x64.Build.0 = Debug|x64
		{FDD0FBF5-7D2C-45D4-9204-694F981EA689}.Debug|x86.ActiveCfg = Debug|Win32
		{FDD0FBF5-7D2C-45D4-9204-694F981EA689}.Debug|x86.Build.0 = Debug|Win32
		{FDD0FBF5-7D2C-45D4-9204-694F981EA689}.Release|x64.ActiveCfg = Release|x64
		{FDD0FBF5-7D2C-45D4-9204-694F981EA689}.Release|x64.Build.0 = Release|x64
		{FDD0FBF5-7D2C-45D4-9204-694F981EA689}.Release|x86.ActiveCfg = Release|Win32
		{FDD0FBF5-7D2C-45D4-9204-694F981EA689}.Release|x86.Build.0 = Release|Win32
		{E330EF0A-1BF6-4EF2-B05A-BE18386DFA84}.Debug|x64.ActiveCfg = Debug|x64
		{E330EF0A-1BF6-4EF2-B05A-BE18386DFA84}.Debug|x64.Build.0 = Debug|x64
		{E330EF0A-1BF6-4EF2-B05A-BE18386DFA84}.Debug|x86.ActiveCfg = Debug|Win32
		{E330EF0A-1BF6-4EF2-B05A-BE18386DFA84}.Debug|x86.Build.0 = Debug|Win32
		{E330EF0A-1BF6-4EF2-B05A-BE18386DFA84}.Release|x64.ActiveCfg = Release|x64
		{E330EF0A-1BF6-4EF2-B05A-BE18386DFA84}.Release|x64.Build.0 = Release|x64
		{E330EF0A-1BF6-4EF2-B05A-BE18386DFA84}.Release|x86.ActiveCfg = Release|Win32
		{E330EF0A-1BF6-4EF2-B05A-BE18386DFA84}.Release|x86.Build.0 = Release|Win32
		{56E1549D-A20F-4889-962D-36E46954103C}.Debug|x64.ActiveCfg = Debug|x64
		{56E1549D-A20F-4889-962D-36E46954103C}.Debug|x64.Build.0 = Debug|x64
		{56E1549D-A20F-4889-962D-36E46954103C}.Debug|x86.ActiveCfg = Debug|Win32
		{56E1549D-A20F-4889-962D-36E46954103C}.Debug|x86.Build.0 = Debug|Win32
		{56E1549D-A20F-4889-962D-36E46954103C}.Release|x64.ActiveCfg = Release|x64
		{56E1549D-A20F-4889-962D-36E46954103C}.Release|x64.Build.0 = Release|x64
		{56E1549D-A20F-4889-962D-36E46954103C}.Release|x86.ActiveCfg = Release|Win32
		{56E1549D-A20F-4889-962D-36E46954103C}.Release|x86.Build.0 = Release|Win32
	EndGlobalSection
	GlobalSection(SolutionProperties) = preSolution
		HideSolutionNode = FALSE
	EndGlobalSection
EndGlobal
